
Microsoft Visual Studio Solution File, Format Version 12.00
# Visual Studio Version 17
VisualStudioVersion = 17.8.34408.163
MinimumVisualStudioVersion = 10.0.40219.1
Project("{FAE04EC0-301F-11D3-BF4B-00C04F79EFBC}") = "helloworld", "helloworld\helloworld.csproj", "{3BABBD2A-A76F-4136-86C0-FCBED9C632C0}"
EndProject
Global
	GlobalSection(SolutionConfigurationPlatforms) = preSolution
		Debug|Any CPU = Debug|Any CPU
		Release|Any CPU = Release|Any CPU
	EndGlobalSection
	GlobalSection(ProjectConfigurationPlatforms) = postSolution
		{3BABBD2A-A76F-4136-86C0-FCBED9C632C0}.Debug|Any CPU.ActiveCfg = Debug|Any CPU
		{3BABBD2A-A76F-4136-86C0-FCBED9C632C0}.Debug|Any CPU.Build.0 = Debug|Any CPU
		{3BABBD2A-A76F-4136-86C0-FCBED9C632C0}.Release|Any CPU.ActiveCfg = Release|Any CPU
		{3BABBD2A-A76F-4136-86C0-FCBED9C632C0}.Release|Any CPU.Build.0 = Release|Any CPU
	EndGlobalSection
	GlobalSection(SolutionProperties) = preSolution
		HideSolutionNode = FALSE
	EndGlobalSection
	GlobalSection(ExtensibilityGlobals) = postSolution
		SolutionGuid = {BA89D908-C9C6-4912-9F58-CC8A93C04153}
	EndGlobalSection
EndGlobal
